
Microsoft Visual Studio Solution File, Format Version 12.00
# Visual Studio Version 17
VisualStudioVersion = 17.11.35208.52
MinimumVisualStudioVersion = 10.0.40219.1
Project("{FAE04EC0-301F-11D3-BF4B-00C04F79EFBC}") = "Sesion3", "Sesion3\Sesion3.csproj", "{8D7F9543-EBD9-4F4A-9193-DB62D2FDCDDE}"
EndProject
Global
	GlobalSection(SolutionConfigurationPlatforms) = preSolution
		Debug|Any CPU = Debug|Any CPU
		Release|Any CPU = Release|Any CPU
	EndGlobalSection
	GlobalSection(ProjectConfigurationPlatforms) = postSolution
		{8D7F9543-EBD9-4F4A-9193-DB62D2FDCDDE}.Debug|Any CPU.ActiveCfg = Debug|Any CPU
		{8D7F9543-EBD9-4F4A-9193-DB62D2FDCDDE}.Debug|Any CPU.Build.0 = Debug|Any CPU
		{8D7F9543-EBD9-4F4A-9193-DB62D2FDCDDE}.Release|Any CPU.ActiveCfg = Release|Any CPU
		{8D7F9543-EBD9-4F4A-9193-DB62D2FDCDDE}.Release|Any CPU.Build.0 = Release|Any CPU
	EndGlobalSection
	GlobalSection(SolutionProperties) = preSolution
		HideSolutionNode = FALSE
	EndGlobalSection
	GlobalSection(ExtensibilityGlobals) = postSolution
		SolutionGuid = {CA07EE43-6B46-4686-A203-CE9736A1C7A1}
	EndGlobalSection
EndGlobal
